// !$*UTF8*$!
{
	archiveVersion = 1;
	classes = {
	};
	objectVersion = 50;
	objects = {

/* Begin PBXBuildFile section */
		8C6193E7261CBCA500F672A3 /* HomeViewRow.swift in Sources */ = {isa = PBXBuildFile; fileRef = 8C6193E6261CBCA500F672A3 /* HomeViewRow.swift */; };
		8C6193EA261CCBAE00F672A3 /* ContentView.swift in Sources */ = {isa = PBXBuildFile; fileRef = 8C6193E9261CCBAE00F672A3 /* ContentView.swift */; };
		8C6193ED261DEE5000F672A3 /* ContentViewRow.swift in Sources */ = {isa = PBXBuildFile; fileRef = 8C6193EC261DEE5000F672A3 /* ContentViewRow.swift */; };
		8C6193F0261DF2A200F672A3 /* ContentDetailView.swift in Sources */ = {isa = PBXBuildFile; fileRef = 8C6193EF261DF2A200F672A3 /* ContentDetailView.swift */; };
		8C6193F4261DF9E100F672A3 /* AVKit.framework in Frameworks */ = {isa = PBXBuildFile; fileRef = 8C6193F3261DF9E000F672A3 /* AVKit.framework */; };
		8C6193F6261DFB5900F672A3 /* Constants.swift in Sources */ = {isa = PBXBuildFile; fileRef = 8C6193F5261DFB5900F672A3 /* Constants.swift */; };
		8C6193FA2620900200F672A3 /* CodeTextView.swift in Sources */ = {isa = PBXBuildFile; fileRef = 8C6193F92620900100F672A3 /* CodeTextView.swift */; };
		8CB80008261C853A003637A3 /* ContentModel.swift in Sources */ = {isa = PBXBuildFile; fileRef = 8CB80007261C853A003637A3 /* ContentModel.swift */; };
		8CB8000C261C9487003637A3 /* style.html in Resources */ = {isa = PBXBuildFile; fileRef = 8CB8000A261C9487003637A3 /* style.html */; };
		8CB8000D261C9487003637A3 /* data.json in Resources */ = {isa = PBXBuildFile; fileRef = 8CB8000B261C9487003637A3 /* data.json */; };
		8CB80010261C998C003637A3 /* Models.swift in Sources */ = {isa = PBXBuildFile; fileRef = 8CB8000F261C998C003637A3 /* Models.swift */; };
		8CB8FFF2261C6611003637A3 /* LearningApp.swift in Sources */ = {isa = PBXBuildFile; fileRef = 8CB8FFF1261C6611003637A3 /* LearningApp.swift */; };
		8CB8FFF4261C6611003637A3 /* HomeView.swift in Sources */ = {isa = PBXBuildFile; fileRef = 8CB8FFF3261C6611003637A3 /* HomeView.swift */; };
		8CB8FFF6261C6617003637A3 /* Assets.xcassets in Resources */ = {isa = PBXBuildFile; fileRef = 8CB8FFF5261C6617003637A3 /* Assets.xcassets */; };
		8CB8FFF9261C6617003637A3 /* Preview Assets.xcassets in Resources */ = {isa = PBXBuildFile; fileRef = 8CB8FFF8261C6617003637A3 /* Preview Assets.xcassets */; };
/* End PBXBuildFile section */

/* Begin PBXFileReference section */
		8C6193E6261CBCA500F672A3 /* HomeViewRow.swift */ = {isa = PBXFileReference; lastKnownFileType = sourcecode.swift; path = HomeViewRow.swift; sourceTree = "<group>"; };
		8C6193E9261CCBAE00F672A3 /* ContentView.swift */ = {isa = PBXFileReference; lastKnownFileType = sourcecode.swift; path = ContentView.swift; sourceTree = "<group>"; };
		8C6193EC261DEE5000F672A3 /* ContentViewRow.swift */ = {isa = PBXFileReference; lastKnownFileType = sourcecode.swift; path = ContentViewRow.swift; sourceTree = "<group>"; };
		8C6193EF261DF2A200F672A3 /* ContentDetailView.swift */ = {isa = PBXFileReference; lastKnownFileType = sourcecode.swift; path = ContentDetailView.swift; sourceTree = "<group>"; };
		8C6193F3261DF9E000F672A3 /* AVKit.framework */ = {isa = PBXFileReference; lastKnownFileType = wrapper.framework; name = AVKit.framework; path = System/Library/Frameworks/AVKit.framework; sourceTree = SDKROOT; };
		8C6193F5261DFB5900F672A3 /* Constants.swift */ = {isa = PBXFileReference; lastKnownFileType = sourcecode.swift; path = Constants.swift; sourceTree = "<group>"; };
		8C6193F92620900100F672A3 /* CodeTextView.swift */ = {isa = PBXFileReference; lastKnownFileType = sourcecode.swift; path = CodeTextView.swift; sourceTree = "<group>"; };
		8CB80007261C853A003637A3 /* ContentModel.swift */ = {isa = PBXFileReference; lastKnownFileType = sourcecode.swift; path = ContentModel.swift; sourceTree = "<group>"; };
		8CB8000A261C9487003637A3 /* style.html */ = {isa = PBXFileReference; fileEncoding = 4; lastKnownFileType = text.html; path = style.html; sourceTree = "<group>"; };
		8CB8000B261C9487003637A3 /* data.json */ = {isa = PBXFileReference; fileEncoding = 4; lastKnownFileType = text.json; path = data.json; sourceTree = "<group>"; };
		8CB8000F261C998C003637A3 /* Models.swift */ = {isa = PBXFileReference; lastKnownFileType = sourcecode.swift; path = Models.swift; sourceTree = "<group>"; };
		8CB8FFEE261C6611003637A3 /* LearningApp.app */ = {isa = PBXFileReference; explicitFileType = wrapper.application; includeInIndex = 0; path = LearningApp.app; sourceTree = BUILT_PRODUCTS_DIR; };
		8CB8FFF1261C6611003637A3 /* LearningApp.swift */ = {isa = PBXFileReference; lastKnownFileType = sourcecode.swift; path = LearningApp.swift; sourceTree = "<group>"; };
		8CB8FFF3261C6611003637A3 /* HomeView.swift */ = {isa = PBXFileReference; lastKnownFileType = sourcecode.swift; path = HomeView.swift; sourceTree = "<group>"; };
		8CB8FFF5261C6617003637A3 /* Assets.xcassets */ = {isa = PBXFileReference; lastKnownFileType = folder.assetcatalog; path = Assets.xcassets; sourceTree = "<group>"; };
		8CB8FFF8261C6617003637A3 /* Preview Assets.xcassets */ = {isa = PBXFileReference; lastKnownFileType = folder.assetcatalog; path = "Preview Assets.xcassets"; sourceTree = "<group>"; };
		8CB8FFFA261C6617003637A3 /* Info.plist */ = {isa = PBXFileReference; lastKnownFileType = text.plist.xml; path = Info.plist; sourceTree = "<group>"; };
/* End PBXFileReference section */

/* Begin PBXFrameworksBuildPhase section */
		8CB8FFEB261C6611003637A3 /* Frameworks */ = {
			isa = PBXFrameworksBuildPhase;
			buildActionMask = 2147483647;
			files = (
				8C6193F4261DF9E100F672A3 /* AVKit.framework in Frameworks */,
			);
			runOnlyForDeploymentPostprocessing = 0;
		};
/* End PBXFrameworksBuildPhase section */

/* Begin PBXGroup section */
		8C6193F2261DF9E000F672A3 /* Frameworks */ = {
			isa = PBXGroup;
			children = (
				8C6193F3261DF9E000F672A3 /* AVKit.framework */,
			);
			name = Frameworks;
			sourceTree = "<group>";
		};
		8CB80002261C7D33003637A3 /* Views */ = {
			isa = PBXGroup;
			children = (
				8CB8FFF3261C6611003637A3 /* HomeView.swift */,
				8C6193E6261CBCA500F672A3 /* HomeViewRow.swift */,
				8C6193E9261CCBAE00F672A3 /* ContentView.swift */,
				8C6193EC261DEE5000F672A3 /* ContentViewRow.swift */,
				8C6193EF261DF2A200F672A3 /* ContentDetailView.swift */,
				8C6193F92620900100F672A3 /* CodeTextView.swift */,
			);
			path = Views;
			sourceTree = "<group>";
		};
		8CB80003261C7D3F003637A3 /* Models */ = {
			isa = PBXGroup;
			children = (
				8CB8000F261C998C003637A3 /* Models.swift */,
			);
			path = Models;
			sourceTree = "<group>";
		};
		8CB80004261C7D53003637A3 /* ViewModels */ = {
			isa = PBXGroup;
			children = (
				8CB80007261C853A003637A3 /* ContentModel.swift */,
			);
			path = ViewModels;
			sourceTree = "<group>";
		};
		8CB80005261C7D62003637A3 /* Resources */ = {
			isa = PBXGroup;
			children = (
				8CB8000B261C9487003637A3 /* data.json */,
				8CB8000A261C9487003637A3 /* style.html */,
				8C6193F5261DFB5900F672A3 /* Constants.swift */,
			);
			path = Resources;
			sourceTree = "<group>";
		};
		8CB80006261C7D6C003637A3 /* Helpers */ = {
			isa = PBXGroup;
			children = (
			);
			path = Helpers;
			sourceTree = "<group>";
		};
		8CB8FFE5261C6611003637A3 = {
			isa = PBXGroup;
			children = (
				8CB8FFF0261C6611003637A3 /* LearningApp */,
				8CB8FFEF261C6611003637A3 /* Products */,
				8C6193F2261DF9E000F672A3 /* Frameworks */,
			);
			sourceTree = "<group>";
		};
		8CB8FFEF261C6611003637A3 /* Products */ = {
			isa = PBXGroup;
			children = (
				8CB8FFEE261C6611003637A3 /* LearningApp.app */,
			);
			name = Products;
			sourceTree = "<group>";
		};
		8CB8FFF0261C6611003637A3 /* LearningApp */ = {
			isa = PBXGroup;
			children = (
				8CB8FFF1261C6611003637A3 /* LearningApp.swift */,
				8CB80002261C7D33003637A3 /* Views */,
				8CB80004261C7D53003637A3 /* ViewModels */,
				8CB80003261C7D3F003637A3 /* Models */,
				8CB80005261C7D62003637A3 /* Resources */,
				8CB80006261C7D6C003637A3 /* Helpers */,
				8CB8FFF5261C6617003637A3 /* Assets.xcassets */,
				8CB8FFFA261C6617003637A3 /* Info.plist */,
				8CB8FFF7261C6617003637A3 /* Preview Content */,
			);
			path = LearningApp;
			sourceTree = "<group>";
		};
		8CB8FFF7261C6617003637A3 /* Preview Content */ = {
			isa = PBXGroup;
			children = (
				8CB8FFF8261C6617003637A3 /* Preview Assets.xcassets */,
			);
			path = "Preview Content";
			sourceTree = "<group>";
		};
/* End PBXGroup section */

/* Begin PBXNativeTarget section */
		8CB8FFED261C6611003637A3 /* LearningApp */ = {
			isa = PBXNativeTarget;
			buildConfigurationList = 8CB8FFFD261C6617003637A3 /* Build configuration list for PBXNativeTarget "LearningApp" */;
			buildPhases = (
				8CB8FFEA261C6611003637A3 /* Sources */,
				8CB8FFEB261C6611003637A3 /* Frameworks */,
				8CB8FFEC261C6611003637A3 /* Resources */,
			);
			buildRules = (
			);
			dependencies = (
			);
			name = LearningApp;
			productName = LearningApp;
			productReference = 8CB8FFEE261C6611003637A3 /* LearningApp.app */;
			productType = "com.apple.product-type.application";
		};
/* End PBXNativeTarget section */

/* Begin PBXProject section */
		8CB8FFE6261C6611003637A3 /* Project object */ = {
			isa = PBXProject;
			attributes = {
				LastSwiftUpdateCheck = 1240;
				LastUpgradeCheck = 1240;
				TargetAttributes = {
					8CB8FFED261C6611003637A3 = {
						CreatedOnToolsVersion = 12.4;
					};
				};
			};
			buildConfigurationList = 8CB8FFE9261C6611003637A3 /* Build configuration list for PBXProject "LearningApp" */;
			compatibilityVersion = "Xcode 9.3";
			developmentRegion = en;
			hasScannedForEncodings = 0;
			knownRegions = (
				en,
				Base,
			);
			mainGroup = 8CB8FFE5261C6611003637A3;
			productRefGroup = 8CB8FFEF261C6611003637A3 /* Products */;
			projectDirPath = "";
			projectRoot = "";
			targets = (
				8CB8FFED261C6611003637A3 /* LearningApp */,
			);
		};
/* End PBXProject section */

/* Begin PBXResourcesBuildPhase section */
		8CB8FFEC261C6611003637A3 /* Resources */ = {
			isa = PBXResourcesBuildPhase;
			buildActionMask = 2147483647;
			files = (
				8CB8000C261C9487003637A3 /* style.html in Resources */,
				8CB8FFF9261C6617003637A3 /* Preview Assets.xcassets in Resources */,
				8CB8FFF6261C6617003637A3 /* Assets.xcassets in Resources */,
				8CB8000D261C9487003637A3 /* data.json in Resources */,
			);
			runOnlyForDeploymentPostprocessing = 0;
		};
/* End PBXResourcesBuildPhase section */

/* Begin PBXSourcesBuildPhase section */
		8CB8FFEA261C6611003637A3 /* Sources */ = {
			isa = PBXSourcesBuildPhase;
			buildActionMask = 2147483647;
			files = (
				8CB8FFF4261C6611003637A3 /* HomeView.swift in Sources */,
				8C6193FA2620900200F672A3 /* CodeTextView.swift in Sources */,
				8C6193E7261CBCA500F672A3 /* HomeViewRow.swift in Sources */,
				8C6193EA261CCBAE00F672A3 /* ContentView.swift in Sources */,
				8C6193F0261DF2A200F672A3 /* ContentDetailView.swift in Sources */,
				8CB8FFF2261C6611003637A3 /* LearningApp.swift in Sources */,
				8C6193ED261DEE5000F672A3 /* ContentViewRow.swift in Sources */,
				8CB80008261C853A003637A3 /* ContentModel.swift in Sources */,
				8CB80010261C998C003637A3 /* Models.swift in Sources */,
				8C6193F6261DFB5900F672A3 /* Constants.swift in Sources */,
			);
			runOnlyForDeploymentPostprocessing = 0;
		};
/* End PBXSourcesBuildPhase section */

/* Begin XCBuildConfiguration section */
		8CB8FFFB261C6617003637A3 /* Debug */ = {
			isa = XCBuildConfiguration;
			buildSettings = {
				ALWAYS_SEARCH_USER_PATHS = NO;
				CLANG_ANALYZER_NONNULL = YES;
				CLANG_ANALYZER_NUMBER_OBJECT_CONVERSION = YES_AGGRESSIVE;
				CLANG_CXX_LANGUAGE_STANDARD = "gnu++14";
				CLANG_CXX_LIBRARY = "libc++";
				CLANG_ENABLE_MODULES = YES;
				CLANG_ENABLE_OBJC_ARC = YES;
				CLANG_ENABLE_OBJC_WEAK = YES;
				CLANG_WARN_BLOCK_CAPTURE_AUTORELEASING = YES;
				CLANG_WARN_BOOL_CONVERSION = YES;
				CLANG_WARN_COMMA = YES;
				CLANG_WARN_CONSTANT_CONVERSION = YES;
				CLANG_WARN_DEPRECATED_OBJC_IMPLEMENTATIONS = YES;
				CLANG_WARN_DIRECT_OBJC_ISA_USAGE = YES_ERROR;
				CLANG_WARN_DOCUMENTATION_COMMENTS = YES;
				CLANG_WARN_EMPTY_BODY = YES;
				CLANG_WARN_ENUM_CONVERSION = YES;
				CLANG_WARN_INFINITE_RECURSION = YES;
				CLANG_WARN_INT_CONVERSION = YES;
				CLANG_WARN_NON_LITERAL_NULL_CONVERSION = YES;
				CLANG_WARN_OBJC_IMPLICIT_RETAIN_SELF = YES;
				CLANG_WARN_OBJC_LITERAL_CONVERSION = YES;
				CLANG_WARN_OBJC_ROOT_CLASS = YES_ERROR;
				CLANG_WARN_QUOTED_INCLUDE_IN_FRAMEWORK_HEADER = YES;
				CLANG_WARN_RANGE_LOOP_ANALYSIS = YES;
				CLANG_WARN_STRICT_PROTOTYPES = YES;
				CLANG_WARN_SUSPICIOUS_MOVE = YES;
				CLANG_WARN_UNGUARDED_AVAILABILITY = YES_AGGRESSIVE;
				CLANG_WARN_UNREACHABLE_CODE = YES;
				CLANG_WARN__DUPLICATE_METHOD_MATCH = YES;
				COPY_PHASE_STRIP = NO;
				DEBUG_INFORMATION_FORMAT = dwarf;
				ENABLE_STRICT_OBJC_MSGSEND = YES;
				ENABLE_TESTABILITY = YES;
				GCC_C_LANGUAGE_STANDARD = gnu11;
				GCC_DYNAMIC_NO_PIC = NO;
				GCC_NO_COMMON_BLOCKS = YES;
				GCC_OPTIMIZATION_LEVEL = 0;
				GCC_PREPROCESSOR_DEFINITIONS = (
					"DEBUG=1",
					"$(inherited)",
				);
				GCC_WARN_64_TO_32_BIT_CONVERSION = YES;
				GCC_WARN_ABOUT_RETURN_TYPE = YES_ERROR;
				GCC_WARN_UNDECLARED_SELECTOR = YES;
				GCC_WARN_UNINITIALIZED_AUTOS = YES_AGGRESSIVE;
				GCC_WARN_UNUSED_FUNCTION = YES;
				GCC_WARN_UNUSED_VARIABLE = YES;
				IPHONEOS_DEPLOYMENT_TARGET = 14.4;
				MTL_ENABLE_DEBUG_INFO = INCLUDE_SOURCE;
				MTL_FAST_MATH = YES;
				ONLY_ACTIVE_ARCH = YES;
				SDKROOT = iphoneos;
				SWIFT_ACTIVE_COMPILATION_CONDITIONS = DEBUG;
				SWIFT_OPTIMIZATION_LEVEL = "-Onone";
			};
			name = Debug;
		};
		8CB8FFFC261C6617003637A3 /* Release */ = {
			isa = XCBuildConfiguration;
			buildSettings = {
				ALWAYS_SEARCH_USER_PATHS = NO;
				CLANG_ANALYZER_NONNULL = YES;
				CLANG_ANALYZER_NUMBER_OBJECT_CONVERSION = YES_AGGRESSIVE;
				CLANG_CXX_LANGUAGE_STANDARD = "gnu++14";
				CLANG_CXX_LIBRARY = "libc++";
				CLANG_ENABLE_MODULES = YES;
				CLANG_ENABLE_OBJC_ARC = YES;
				CLANG_ENABLE_OBJC_WEAK = YES;
				CLANG_WARN_BLOCK_CAPTURE_AUTORELEASING = YES;
				CLANG_WARN_BOOL_CONVERSION = YES;
				CLANG_WARN_COMMA = YES;
				CLANG_WARN_CONSTANT_CONVERSION = YES;
				CLANG_WARN_DEPRECATED_OBJC_IMPLEMENTATIONS = YES;
				CLANG_WARN_DIRECT_OBJC_ISA_USAGE = YES_ERROR;
				CLANG_WARN_DOCUMENTATION_COMMENTS = YES;
				CLANG_WARN_EMPTY_BODY = YES;
				CLANG_WARN_ENUM_CONVERSION = YES;
				CLANG_WARN_INFINITE_RECURSION = YES;
				CLANG_WARN_INT_CONVERSION = YES;
				CLANG_WARN_NON_LITERAL_NULL_CONVERSION = YES;
				CLANG_WARN_OBJC_IMPLICIT_RETAIN_SELF = YES;
				CLANG_WARN_OBJC_LITERAL_CONVERSION = YES;
				CLANG_WARN_OBJC_ROOT_CLASS = YES_ERROR;
				CLANG_WARN_QUOTED_INCLUDE_IN_FRAMEWORK_HEADER = YES;
				CLANG_WARN_RANGE_LOOP_ANALYSIS = YES;
				CLANG_WARN_STRICT_PROTOTYPES = YES;
				CLANG_WARN_SUSPICIOUS_MOVE = YES;
				CLANG_WARN_UNGUARDED_AVAILABILITY = YES_AGGRESSIVE;
				CLANG_WARN_UNREACHABLE_CODE = YES;
				CLANG_WARN__DUPLICATE_METHOD_MATCH = YES;
				COPY_PHASE_STRIP = NO;
				DEBUG_INFORMATION_FORMAT = "dwarf-with-dsym";
				ENABLE_NS_ASSERTIONS = NO;
				ENABLE_STRICT_OBJC_MSGSEND = YES;
				GCC_C_LANGUAGE_STANDARD = gnu11;
				GCC_NO_COMMON_BLOCKS = YES;
				GCC_WARN_64_TO_32_BIT_CONVERSION = YES;
				GCC_WARN_ABOUT_RETURN_TYPE = YES_ERROR;
				GCC_WARN_UNDECLARED_SELECTOR = YES;
				GCC_WARN_UNINITIALIZED_AUTOS = YES_AGGRESSIVE;
				GCC_WARN_UNUSED_FUNCTION = YES;
				GCC_WARN_UNUSED_VARIABLE = YES;
				IPHONEOS_DEPLOYMENT_TARGET = 14.4;
				MTL_ENABLE_DEBUG_INFO = NO;
				MTL_FAST_MATH = YES;
				SDKROOT = iphoneos;
				SWIFT_COMPILATION_MODE = wholemodule;
				SWIFT_OPTIMIZATION_LEVEL = "-O";
				VALIDATE_PRODUCT = YES;
			};
			name = Release;
		};
		8CB8FFFE261C6617003637A3 /* Debug */ = {
			isa = XCBuildConfiguration;
			buildSettings = {
				ASSETCATALOG_COMPILER_APPICON_NAME = AppIcon;
				ASSETCATALOG_COMPILER_GLOBAL_ACCENT_COLOR_NAME = AccentColor;
				CODE_SIGN_STYLE = Automatic;
				DEVELOPMENT_ASSET_PATHS = "\"LearningApp/Preview Content\"";
				DEVELOPMENT_TEAM = R9TDAFW26B;
				ENABLE_PREVIEWS = YES;
				INFOPLIST_FILE = LearningApp/Info.plist;
				IPHONEOS_DEPLOYMENT_TARGET = 14.0;
				LD_RUNPATH_SEARCH_PATHS = (
					"$(inherited)",
					"@executable_path/Frameworks",
				);
				PRODUCT_BUNDLE_IDENTIFIER = Roxana.LearningApp;
				PRODUCT_NAME = "$(TARGET_NAME)";
				SWIFT_VERSION = 5.0;
				TARGETED_DEVICE_FAMILY = "1,2";
			};
			name = Debug;
		};
		8CB8FFFF261C6617003637A3 /* Release */ = {
			isa = XCBuildConfiguration;
			buildSettings = {
				ASSETCATALOG_COMPILER_APPICON_NAME = AppIcon;
				ASSETCATALOG_COMPILER_GLOBAL_ACCENT_COLOR_NAME = AccentColor;
				CODE_SIGN_STYLE = Automatic;
				DEVELOPMENT_ASSET_PATHS = "\"LearningApp/Preview Content\"";
				DEVELOPMENT_TEAM = R9TDAFW26B;
				ENABLE_PREVIEWS = YES;
				INFOPLIST_FILE = LearningApp/Info.plist;
				IPHONEOS_DEPLOYMENT_TARGET = 14.0;
				LD_RUNPATH_SEARCH_PATHS = (
					"$(inherited)",
					"@executable_path/Frameworks",
				);
				PRODUCT_BUNDLE_IDENTIFIER = Roxana.LearningApp;
				PRODUCT_NAME = "$(TARGET_NAME)";
				SWIFT_VERSION = 5.0;
				TARGETED_DEVICE_FAMILY = "1,2";
			};
			name = Release;
		};
/* End XCBuildConfiguration section */

/* Begin XCConfigurationList section */
		8CB8FFE9261C6611003637A3 /* Build configuration list for PBXProject "LearningApp" */ = {
			isa = XCConfigurationList;
			buildConfigurations = (
				8CB8FFFB261C6617003637A3 /* Debug */,
				8CB8FFFC261C6617003637A3 /* Release */,
			);
			defaultConfigurationIsVisible = 0;
			defaultConfigurationName = Release;
		};
		8CB8FFFD261C6617003637A3 /* Build configuration list for PBXNativeTarget "LearningApp" */ = {
			isa = XCConfigurationList;
			buildConfigurations = (
				8CB8FFFE261C6617003637A3 /* Debug */,
				8CB8FFFF261C6617003637A3 /* Release */,
			);
			defaultConfigurationIsVisible = 0;
			defaultConfigurationName = Release;
		};
/* End XCConfigurationList section */
	};
	rootObject = 8CB8FFE6261C6611003637A3 /* Project object */;
}
